// !$*UTF8*$!
{
	archiveVersion = 1;
	classes = {
	};
	objectVersion = 46;
	objects = {

/* Begin PBXBuildFile section */
		591609A41BD65ECF00F14523 /* PlayRecordVC.swift in Sources */ = {isa = PBXBuildFile; fileRef = 591609A31BD65ECF00F14523 /* PlayRecordVC.swift */; };
		591609A61BD72B1100F14523 /* CDPlaySlider.swift in Sources */ = {isa = PBXBuildFile; fileRef = 591609A51BD72B1100F14523 /* CDPlaySlider.swift */; };
		591609A81BD7473200F14523 /* ScopeGradientView.swift in Sources */ = {isa = PBXBuildFile; fileRef = 591609A71BD7473200F14523 /* ScopeGradientView.swift */; };
		591609AA1BD75C4400F14523 /* ScopeHandleView.swift in Sources */ = {isa = PBXBuildFile; fileRef = 591609A91BD75C4400F14523 /* ScopeHandleView.swift */; };
		591609AF1BD7920300F14523 /* PresentRecordPlayTransition.swift in Sources */ = {isa = PBXBuildFile; fileRef = 591609AE1BD7920300F14523 /* PresentRecordPlayTransition.swift */; };
		592E369D1BEB563500DC8955 /* CircularButton.swift in Sources */ = {isa = PBXBuildFile; fileRef = 592E369C1BEB563500DC8955 /* CircularButton.swift */; };
		596EB85F1C153FEE00F2C670 /* SECEditReadingViewController.swift in Sources */ = {isa = PBXBuildFile; fileRef = 596EB85E1C153FEE00F2C670 /* SECEditReadingViewController.swift */; };
		596EB8631C16C79900F2C670 /* SECReadingRecordCropper.swift in Sources */ = {isa = PBXBuildFile; fileRef = 596EB8621C16C79900F2C670 /* SECReadingRecordCropper.swift */; };
		59776EA31C4608EB007A4D28 /* SECShareReadingViewController.swift in Sources */ = {isa = PBXBuildFile; fileRef = 59776EA21C4608EB007A4D28 /* SECShareReadingViewController.swift */; };
		59776EA51C460F78007A4D28 /* SECReadingShareLayoutView.swift in Sources */ = {isa = PBXBuildFile; fileRef = 59776EA41C460F78007A4D28 /* SECReadingShareLayoutView.swift */; };
		5978CBEF1C22EBF500964AF6 /* SECConstants.swift in Sources */ = {isa = PBXBuildFile; fileRef = 5978CBEE1C22EBF500964AF6 /* SECConstants.swift */; };
		597EBCF01BD7A0440031CE2C /* DismissRecordPlayTransition.swift in Sources */ = {isa = PBXBuildFile; fileRef = 597EBCEF1BD7A0440031CE2C /* DismissRecordPlayTransition.swift */; };
		598FD59C1C0FF9ED00FC056B /* ImageAssets.xcassets in Resources */ = {isa = PBXBuildFile; fileRef = 598FD59B1C0FF9ED00FC056B /* ImageAssets.xcassets */; };
		598FD59E1C1014F800FC056B /* SECReadingHistoryViewController.swift in Sources */ = {isa = PBXBuildFile; fileRef = 598FD59D1C1014F800FC056B /* SECReadingHistoryViewController.swift */; };
		598FD5A01C10205A00FC056B /* SECNewReadingViewController.swift in Sources */ = {isa = PBXBuildFile; fileRef = 598FD59F1C10205A00FC056B /* SECNewReadingViewController.swift */; };
		598FD5A21C10221000FC056B /* SECSettingViewController.swift in Sources */ = {isa = PBXBuildFile; fileRef = 598FD5A11C10221000FC056B /* SECSettingViewController.swift */; };
		598FD5A41C10268600FC056B /* SECHelper.swift in Sources */ = {isa = PBXBuildFile; fileRef = 598FD5A31C10268600FC056B /* SECHelper.swift */; };
		598FD5A81C103C9300FC056B /* SECCutPanelView.xib in Resources */ = {isa = PBXBuildFile; fileRef = 598FD5A71C103C9300FC056B /* SECCutPanelView.xib */; };
		598FD5AA1C103CAC00FC056B /* SECCutPanelView.swift in Sources */ = {isa = PBXBuildFile; fileRef = 598FD5A91C103CAC00FC056B /* SECCutPanelView.swift */; };
		5995004A1C192B3800EBE225 /* SECReadingRecordCombiner.swift in Sources */ = {isa = PBXBuildFile; fileRef = 599500491C192B3800EBE225 /* SECReadingRecordCombiner.swift */; };
		599CC6F71C1E79DB00147E97 /* SECReadingInfoModel.swift in Sources */ = {isa = PBXBuildFile; fileRef = 599CC6F61C1E79DB00147E97 /* SECReadingInfoModel.swift */; };
		599CC6F91C1E7A9700147E97 /* SECUploadReadingModel.swift in Sources */ = {isa = PBXBuildFile; fileRef = 599CC6F81C1E7A9700147E97 /* SECUploadReadingModel.swift */; };
		599CC6FB1C1E7CCB00147E97 /* SECEditNewReadingViewController.swift in Sources */ = {isa = PBXBuildFile; fileRef = 599CC6FA1C1E7CCB00147E97 /* SECEditNewReadingViewController.swift */; };
		599CC7011C1E9FFB00147E97 /* SECAudioPlayView.swift in Sources */ = {isa = PBXBuildFile; fileRef = 599CC7001C1E9FFB00147E97 /* SECAudioPlayView.swift */; };
		599CC7031C1EA03500147E97 /* SECAudioPlayView.xib in Resources */ = {isa = PBXBuildFile; fileRef = 599CC7021C1EA03500147E97 /* SECAudioPlayView.xib */; };
		599CC7071C1FDEA800147E97 /* LvMultiThreadCoreDataDao.m in Sources */ = {isa = PBXBuildFile; fileRef = 599CC7061C1FDEA800147E97 /* LvMultiThreadCoreDataDao.m */; };
		599CC7091C1FDECF00147E97 /* AVFoundation.framework in Frameworks */ = {isa = PBXBuildFile; fileRef = 599CC7081C1FDECF00147E97 /* AVFoundation.framework */; };
		599CC70B1C1FDED700147E97 /* CoreData.framework in Frameworks */ = {isa = PBXBuildFile; fileRef = 599CC70A1C1FDED700147E97 /* CoreData.framework */; };
		599CC70E1C1FDFBF00147E97 /* MainModel.xcdatamodeld in Sources */ = {isa = PBXBuildFile; fileRef = 599CC70C1C1FDFBF00147E97 /* MainModel.xcdatamodeld */; };
		599CC71E1C20083500147E97 /* SECEvernoteManager.swift in Sources */ = {isa = PBXBuildFile; fileRef = 599CC71D1C20083500147E97 /* SECEvernoteManager.swift */; };
		599CC7211C200A0300147E97 /* TReading+CoreDataProperties.swift in Sources */ = {isa = PBXBuildFile; fileRef = 599CC71F1C200A0300147E97 /* TReading+CoreDataProperties.swift */; };
		599CC7221C200A0300147E97 /* TReading.swift in Sources */ = {isa = PBXBuildFile; fileRef = 599CC7201C200A0300147E97 /* TReading.swift */; };
		599CC7241C202A3D00147E97 /* TReading+Mapping.swift in Sources */ = {isa = PBXBuildFile; fileRef = 599CC7231C202A3D00147E97 /* TReading+Mapping.swift */; };
		59BD23F61BAAB11200AB27FB /* RecordButtonView.swift in Sources */ = {isa = PBXBuildFile; fileRef = 59BD23F51BAAB11200AB27FB /* RecordButtonView.swift */; };
		59C3C9371BAABA6F00CC6200 /* RSProgressView.swift in Sources */ = {isa = PBXBuildFile; fileRef = 59C3C9361BAABA6F00CC6200 /* RSProgressView.swift */; };
		59C3C93C1BABAA7500CC6200 /* RAQRecorder.m in Sources */ = {isa = PBXBuildFile; fileRef = 59C3C93B1BABAA7500CC6200 /* RAQRecorder.m */; };
		59C3C9401BAC015200CC6200 /* MultipleArcTracksView.swift in Sources */ = {isa = PBXBuildFile; fileRef = 59C3C93F1BAC015200CC6200 /* MultipleArcTracksView.swift */; };
		59D9529E1C27F69500FE9B36 /* SECStoryboard.storyboard in Resources */ = {isa = PBXBuildFile; fileRef = 59D9529D1C27F69500FE9B36 /* SECStoryboard.storyboard */; };
		59D952A31C27F8BE00FE9B36 /* SECReadingHistoryTableViewCell.swift in Sources */ = {isa = PBXBuildFile; fileRef = 59D952A21C27F8BE00FE9B36 /* SECReadingHistoryTableViewCell.swift */; };
		59D952B31C29369E00FE9B36 /* SSASwiftReachability.swift in Sources */ = {isa = PBXBuildFile; fileRef = 59D952B21C29369E00FE9B36 /* SSASwiftReachability.swift */; };
		59D952B51C2D21F400FE9B36 /* SECAudioFileListViewController.swift in Sources */ = {isa = PBXBuildFile; fileRef = 59D952B41C2D21F400FE9B36 /* SECAudioFileListViewController.swift */; };
		59D952B71C2D32BC00FE9B36 /* SECAudioFileTableViewCell.swift in Sources */ = {isa = PBXBuildFile; fileRef = 59D952B61C2D32BC00FE9B36 /* SECAudioFileTableViewCell.swift */; };
		86FFDDD31BA9B346004DFCD5 /* Main.storyboard in Resources */ = {isa = PBXBuildFile; fileRef = 86FFDDD11BA9B346004DFCD5 /* Main.storyboard */; };
		86FFDDD51BA9B346004DFCD5 /* Images.xcassets in Resources */ = {isa = PBXBuildFile; fileRef = 86FFDDD41BA9B346004DFCD5 /* Images.xcassets */; };
		86FFDDD81BA9B346004DFCD5 /* LaunchScreen.xib in Resources */ = {isa = PBXBuildFile; fileRef = 86FFDDD61BA9B346004DFCD5 /* LaunchScreen.xib */; };
		86FFDDE41BA9B346004DFCD5 /* SectionReadingTests.swift in Sources */ = {isa = PBXBuildFile; fileRef = 86FFDDE31BA9B346004DFCD5 /* SectionReadingTests.swift */; };
		86FFDDF61BA9B45C004DFCD5 /* SECAppDelegate.swift in Sources */ = {isa = PBXBuildFile; fileRef = 86FFDDEE1BA9B45C004DFCD5 /* SECAppDelegate.swift */; };
		86FFDDF91BA9B4B4004DFCD5 /* ReadingRecordsVC.swift in Sources */ = {isa = PBXBuildFile; fileRef = 86FFDDF81BA9B4B4004DFCD5 /* ReadingRecordsVC.swift */; };
		86FFDDFB1BA9B576004DFCD5 /* ReadingRecordCell.swift in Sources */ = {isa = PBXBuildFile; fileRef = 86FFDDFA1BA9B576004DFCD5 /* ReadingRecordCell.swift */; };
		86FFDDFD1BAB052B004DFCD5 /* NewRecordVC.swift in Sources */ = {isa = PBXBuildFile; fileRef = 86FFDDFC1BAB052B004DFCD5 /* NewRecordVC.swift */; };
		A1BCBC8D8A3E764A7AD58FC5 /* Pods_SectionReading.framework in Frameworks */ = {isa = PBXBuildFile; fileRef = 29F694485C302FA27B255B35 /* Pods_SectionReading.framework */; };
/* End PBXBuildFile section */

/* Begin PBXContainerItemProxy section */
		86FFDDDE1BA9B346004DFCD5 /* PBXContainerItemProxy */ = {
			isa = PBXContainerItemProxy;
			containerPortal = 86FFDDC01BA9B346004DFCD5 /* Project object */;
			proxyType = 1;
			remoteGlobalIDString = 86FFDDC71BA9B346004DFCD5;
			remoteInfo = SectionReading;
		};
/* End PBXContainerItemProxy section */

/* Begin PBXFileReference section */
		29F694485C302FA27B255B35 /* Pods_SectionReading.framework */ = {isa = PBXFileReference; explicitFileType = wrapper.framework; includeInIndex = 0; path = Pods_SectionReading.framework; sourceTree = BUILT_PRODUCTS_DIR; };
		4053C007867448B952FFA698 /* Pods-SectionReading.release.xcconfig */ = {isa = PBXFileReference; includeInIndex = 1; lastKnownFileType = text.xcconfig; name = "Pods-SectionReading.release.xcconfig"; path = "Pods/Target Support Files/Pods-SectionReading/Pods-SectionReading.release.xcconfig"; sourceTree = "<group>"; };
		591609A31BD65ECF00F14523 /* PlayRecordVC.swift */ = {isa = PBXFileReference; fileEncoding = 4; lastKnownFileType = sourcecode.swift; path = PlayRecordVC.swift; sourceTree = "<group>"; };
		591609A51BD72B1100F14523 /* CDPlaySlider.swift */ = {isa = PBXFileReference; fileEncoding = 4; lastKnownFileType = sourcecode.swift; path = CDPlaySlider.swift; sourceTree = "<group>"; };
		591609A71BD7473200F14523 /* ScopeGradientView.swift */ = {isa = PBXFileReference; fileEncoding = 4; lastKnownFileType = sourcecode.swift; path = ScopeGradientView.swift; sourceTree = "<group>"; };
		591609A91BD75C4400F14523 /* ScopeHandleView.swift */ = {isa = PBXFileReference; fileEncoding = 4; lastKnownFileType = sourcecode.swift; path = ScopeHandleView.swift; sourceTree = "<group>"; };
		591609AE1BD7920300F14523 /* PresentRecordPlayTransition.swift */ = {isa = PBXFileReference; fileEncoding = 4; lastKnownFileType = sourcecode.swift; path = PresentRecordPlayTransition.swift; sourceTree = "<group>"; };
		592E369C1BEB563500DC8955 /* CircularButton.swift */ = {isa = PBXFileReference; fileEncoding = 4; lastKnownFileType = sourcecode.swift; path = CircularButton.swift; sourceTree = "<group>"; };
		596EB85E1C153FEE00F2C670 /* SECEditReadingViewController.swift */ = {isa = PBXFileReference; fileEncoding = 4; lastKnownFileType = sourcecode.swift; path = SECEditReadingViewController.swift; sourceTree = "<group>"; };
		596EB8621C16C79900F2C670 /* SECReadingRecordCropper.swift */ = {isa = PBXFileReference; fileEncoding = 4; lastKnownFileType = sourcecode.swift; name = SECReadingRecordCropper.swift; path = SectionReading/ViewController/SECReadingRecordCropper.swift; sourceTree = SOURCE_ROOT; };
		59776EA21C4608EB007A4D28 /* SECShareReadingViewController.swift */ = {isa = PBXFileReference; fileEncoding = 4; lastKnownFileType = sourcecode.swift; path = SECShareReadingViewController.swift; sourceTree = "<group>"; };
		59776EA41C460F78007A4D28 /* SECReadingShareLayoutView.swift */ = {isa = PBXFileReference; fileEncoding = 4; lastKnownFileType = sourcecode.swift; path = SECReadingShareLayoutView.swift; sourceTree = "<group>"; };
		5978CBEE1C22EBF500964AF6 /* SECConstants.swift */ = {isa = PBXFileReference; fileEncoding = 4; lastKnownFileType = sourcecode.swift; path = SECConstants.swift; sourceTree = "<group>"; };
		597EBCEF1BD7A0440031CE2C /* DismissRecordPlayTransition.swift */ = {isa = PBXFileReference; fileEncoding = 4; lastKnownFileType = sourcecode.swift; path = DismissRecordPlayTransition.swift; sourceTree = "<group>"; };
		598FD59B1C0FF9ED00FC056B /* ImageAssets.xcassets */ = {isa = PBXFileReference; lastKnownFileType = folder.assetcatalog; path = ImageAssets.xcassets; sourceTree = "<group>"; };
		598FD59D1C1014F800FC056B /* SECReadingHistoryViewController.swift */ = {isa = PBXFileReference; fileEncoding = 4; lastKnownFileType = sourcecode.swift; path = SECReadingHistoryViewController.swift; sourceTree = "<group>"; };
		598FD59F1C10205A00FC056B /* SECNewReadingViewController.swift */ = {isa = PBXFileReference; fileEncoding = 4; lastKnownFileType = sourcecode.swift; path = SECNewReadingViewController.swift; sourceTree = "<group>"; };
		598FD5A11C10221000FC056B /* SECSettingViewController.swift */ = {isa = PBXFileReference; fileEncoding = 4; lastKnownFileType = sourcecode.swift; path = SECSettingViewController.swift; sourceTree = "<group>"; };
		598FD5A31C10268600FC056B /* SECHelper.swift */ = {isa = PBXFileReference; fileEncoding = 4; lastKnownFileType = sourcecode.swift; name = SECHelper.swift; path = SectionReading/ViewController/SECHelper.swift; sourceTree = SOURCE_ROOT; };
		598FD5A71C103C9300FC056B /* SECCutPanelView.xib */ = {isa = PBXFileReference; fileEncoding = 4; lastKnownFileType = file.xib; path = SECCutPanelView.xib; sourceTree = "<group>"; };
		598FD5A91C103CAC00FC056B /* SECCutPanelView.swift */ = {isa = PBXFileReference; fileEncoding = 4; lastKnownFileType = sourcecode.swift; path = SECCutPanelView.swift; sourceTree = "<group>"; };
		599500491C192B3800EBE225 /* SECReadingRecordCombiner.swift */ = {isa = PBXFileReference; fileEncoding = 4; lastKnownFileType = sourcecode.swift; name = SECReadingRecordCombiner.swift; path = SectionReading/ViewController/SECReadingRecordCombiner.swift; sourceTree = SOURCE_ROOT; };
		599CC6F61C1E79DB00147E97 /* SECReadingInfoModel.swift */ = {isa = PBXFileReference; fileEncoding = 4; lastKnownFileType = sourcecode.swift; path = SECReadingInfoModel.swift; sourceTree = "<group>"; };
		599CC6F81C1E7A9700147E97 /* SECUploadReadingModel.swift */ = {isa = PBXFileReference; fileEncoding = 4; lastKnownFileType = sourcecode.swift; path = SECUploadReadingModel.swift; sourceTree = "<group>"; };
		599CC6FA1C1E7CCB00147E97 /* SECEditNewReadingViewController.swift */ = {isa = PBXFileReference; fileEncoding = 4; lastKnownFileType = sourcecode.swift; path = SECEditNewReadingViewController.swift; sourceTree = "<group>"; };
		599CC7001C1E9FFB00147E97 /* SECAudioPlayView.swift */ = {isa = PBXFileReference; fileEncoding = 4; lastKnownFileType = sourcecode.swift; path = SECAudioPlayView.swift; sourceTree = "<group>"; };
		599CC7021C1EA03500147E97 /* SECAudioPlayView.xib */ = {isa = PBXFileReference; fileEncoding = 4; lastKnownFileType = file.xib; path = SECAudioPlayView.xib; sourceTree = "<group>"; };
		599CC7051C1FDEA800147E97 /* LvMultiThreadCoreDataDao.h */ = {isa = PBXFileReference; fileEncoding = 4; lastKnownFileType = sourcecode.c.h; path = LvMultiThreadCoreDataDao.h; sourceTree = "<group>"; };
		599CC7061C1FDEA800147E97 /* LvMultiThreadCoreDataDao.m */ = {isa = PBXFileReference; fileEncoding = 4; lastKnownFileType = sourcecode.c.objc; path = LvMultiThreadCoreDataDao.m; sourceTree = "<group>"; };
		599CC7081C1FDECF00147E97 /* AVFoundation.framework */ = {isa = PBXFileReference; lastKnownFileType = wrapper.framework; name = AVFoundation.framework; path = System/Library/Frameworks/AVFoundation.framework; sourceTree = SDKROOT; };
		599CC70A1C1FDED700147E97 /* CoreData.framework */ = {isa = PBXFileReference; lastKnownFileType = wrapper.framework; name = CoreData.framework; path = System/Library/Frameworks/CoreData.framework; sourceTree = SDKROOT; };
		599CC70D1C1FDFBF00147E97 /* MainModel.xcdatamodel */ = {isa = PBXFileReference; lastKnownFileType = wrapper.xcdatamodel; path = MainModel.xcdatamodel; sourceTree = "<group>"; };
		599CC71D1C20083500147E97 /* SECEvernoteManager.swift */ = {isa = PBXFileReference; fileEncoding = 4; lastKnownFileType = sourcecode.swift; path = SECEvernoteManager.swift; sourceTree = "<group>"; };
		599CC71F1C200A0300147E97 /* TReading+CoreDataProperties.swift */ = {isa = PBXFileReference; fileEncoding = 4; lastKnownFileType = sourcecode.swift; path = "TReading+CoreDataProperties.swift"; sourceTree = "<group>"; };
		599CC7201C200A0300147E97 /* TReading.swift */ = {isa = PBXFileReference; fileEncoding = 4; lastKnownFileType = sourcecode.swift; path = TReading.swift; sourceTree = "<group>"; };
		599CC7231C202A3D00147E97 /* TReading+Mapping.swift */ = {isa = PBXFileReference; fileEncoding = 4; lastKnownFileType = sourcecode.swift; path = "TReading+Mapping.swift"; sourceTree = "<group>"; };
		59BD23F51BAAB11200AB27FB /* RecordButtonView.swift */ = {isa = PBXFileReference; fileEncoding = 4; lastKnownFileType = sourcecode.swift; path = RecordButtonView.swift; sourceTree = "<group>"; };
		59C3C9361BAABA6F00CC6200 /* RSProgressView.swift */ = {isa = PBXFileReference; fileEncoding = 4; lastKnownFileType = sourcecode.swift; path = RSProgressView.swift; sourceTree = "<group>"; };
		59C3C93A1BABAA7500CC6200 /* RAQRecorder.h */ = {isa = PBXFileReference; fileEncoding = 4; lastKnownFileType = sourcecode.c.h; path = RAQRecorder.h; sourceTree = "<group>"; };
		59C3C93B1BABAA7500CC6200 /* RAQRecorder.m */ = {isa = PBXFileReference; fileEncoding = 4; lastKnownFileType = sourcecode.c.objc; path = RAQRecorder.m; sourceTree = "<group>"; };
		59C3C93E1BABAB4100CC6200 /* SectionReading-Bridging-Header.h */ = {isa = PBXFileReference; lastKnownFileType = sourcecode.c.h; path = "SectionReading-Bridging-Header.h"; sourceTree = "<group>"; };
		59C3C93F1BAC015200CC6200 /* MultipleArcTracksView.swift */ = {isa = PBXFileReference; fileEncoding = 4; lastKnownFileType = sourcecode.swift; path = MultipleArcTracksView.swift; sourceTree = "<group>"; };
		59D9529D1C27F69500FE9B36 /* SECStoryboard.storyboard */ = {isa = PBXFileReference; fileEncoding = 4; lastKnownFileType = file.storyboard; path = SECStoryboard.storyboard; sourceTree = "<group>"; };
		59D952A21C27F8BE00FE9B36 /* SECReadingHistoryTableViewCell.swift */ = {isa = PBXFileReference; fileEncoding = 4; lastKnownFileType = sourcecode.swift; path = SECReadingHistoryTableViewCell.swift; sourceTree = "<group>"; };
		59D952B21C29369E00FE9B36 /* SSASwiftReachability.swift */ = {isa = PBXFileReference; fileEncoding = 4; lastKnownFileType = sourcecode.swift; path = SSASwiftReachability.swift; sourceTree = "<group>"; };
		59D952B41C2D21F400FE9B36 /* SECAudioFileListViewController.swift */ = {isa = PBXFileReference; fileEncoding = 4; lastKnownFileType = sourcecode.swift; path = SECAudioFileListViewController.swift; sourceTree = "<group>"; };
		59D952B61C2D32BC00FE9B36 /* SECAudioFileTableViewCell.swift */ = {isa = PBXFileReference; fileEncoding = 4; lastKnownFileType = sourcecode.swift; path = SECAudioFileTableViewCell.swift; sourceTree = "<group>"; };
		86FFDDC81BA9B346004DFCD5 /* SectionReading.app */ = {isa = PBXFileReference; explicitFileType = wrapper.application; includeInIndex = 0; path = SectionReading.app; sourceTree = BUILT_PRODUCTS_DIR; };
		86FFDDD21BA9B346004DFCD5 /* Base */ = {isa = PBXFileReference; lastKnownFileType = file.storyboard; name = Base; path = Base.lproj/Main.storyboard; sourceTree = "<group>"; };
		86FFDDD41BA9B346004DFCD5 /* Images.xcassets */ = {isa = PBXFileReference; lastKnownFileType = folder.assetcatalog; path = Images.xcassets; sourceTree = "<group>"; };
		86FFDDD71BA9B346004DFCD5 /* Base */ = {isa = PBXFileReference; lastKnownFileType = file.xib; name = Base; path = Base.lproj/LaunchScreen.xib; sourceTree = "<group>"; };
		86FFDDDD1BA9B346004DFCD5 /* SectionReadingTests.xctest */ = {isa = PBXFileReference; explicitFileType = wrapper.cfbundle; includeInIndex = 0; path = SectionReadingTests.xctest; sourceTree = BUILT_PRODUCTS_DIR; };
		86FFDDE21BA9B346004DFCD5 /* Info.plist */ = {isa = PBXFileReference; lastKnownFileType = text.plist.xml; path = Info.plist; sourceTree = "<group>"; };
		86FFDDE31BA9B346004DFCD5 /* SectionReadingTests.swift */ = {isa = PBXFileReference; lastKnownFileType = sourcecode.swift; path = SectionReadingTests.swift; sourceTree = "<group>"; };
		86FFDDEE1BA9B45C004DFCD5 /* SECAppDelegate.swift */ = {isa = PBXFileReference; fileEncoding = 4; lastKnownFileType = sourcecode.swift; path = SECAppDelegate.swift; sourceTree = "<group>"; };
		86FFDDEF1BA9B45C004DFCD5 /* Info.plist */ = {isa = PBXFileReference; fileEncoding = 4; lastKnownFileType = text.plist.xml; path = Info.plist; sourceTree = "<group>"; };
		86FFDDF81BA9B4B4004DFCD5 /* ReadingRecordsVC.swift */ = {isa = PBXFileReference; fileEncoding = 4; lastKnownFileType = sourcecode.swift; path = ReadingRecordsVC.swift; sourceTree = "<group>"; };
		86FFDDFA1BA9B576004DFCD5 /* ReadingRecordCell.swift */ = {isa = PBXFileReference; fileEncoding = 4; lastKnownFileType = sourcecode.swift; path = ReadingRecordCell.swift; sourceTree = "<group>"; };
		86FFDDFC1BAB052B004DFCD5 /* NewRecordVC.swift */ = {isa = PBXFileReference; fileEncoding = 4; lastKnownFileType = sourcecode.swift; path = NewRecordVC.swift; sourceTree = "<group>"; };
		F12EFC1093923600127EFC25 /* Pods-SectionReading.debug.xcconfig */ = {isa = PBXFileReference; includeInIndex = 1; lastKnownFileType = text.xcconfig; name = "Pods-SectionReading.debug.xcconfig"; path = "Pods/Target Support Files/Pods-SectionReading/Pods-SectionReading.debug.xcconfig"; sourceTree = "<group>"; };
/* End PBXFileReference section */

/* Begin PBXFrameworksBuildPhase section */
		86FFDDC51BA9B346004DFCD5 /* Frameworks */ = {
			isa = PBXFrameworksBuildPhase;
			buildActionMask = 2147483647;
			files = (
				599CC70B1C1FDED700147E97 /* CoreData.framework in Frameworks */,
				599CC7091C1FDECF00147E97 /* AVFoundation.framework in Frameworks */,
				A1BCBC8D8A3E764A7AD58FC5 /* Pods_SectionReading.framework in Frameworks */,
			);
			runOnlyForDeploymentPostprocessing = 0;
		};
		86FFDDDA1BA9B346004DFCD5 /* Frameworks */ = {
			isa = PBXFrameworksBuildPhase;
			buildActionMask = 2147483647;
			files = (
			);
			runOnlyForDeploymentPostprocessing = 0;
		};
/* End PBXFrameworksBuildPhase section */

/* Begin PBXGroup section */
		1570FAC9E8EAE4832C05B2FC /* Pods */ = {
			isa = PBXGroup;
			children = (
				F12EFC1093923600127EFC25 /* Pods-SectionReading.debug.xcconfig */,
				4053C007867448B952FFA698 /* Pods-SectionReading.release.xcconfig */,
			);
			name = Pods;
			sourceTree = "<group>";
		};
		390508CF39368B77473CA623 /* Frameworks */ = {
			isa = PBXGroup;
			children = (
				599CC70A1C1FDED700147E97 /* CoreData.framework */,
				599CC7081C1FDECF00147E97 /* AVFoundation.framework */,
				29F694485C302FA27B255B35 /* Pods_SectionReading.framework */,
			);
			name = Frameworks;
			sourceTree = "<group>";
		};
		591609AD1BD791CE00F14523 /* Transition */ = {
			isa = PBXGroup;
			children = (
				591609AE1BD7920300F14523 /* PresentRecordPlayTransition.swift */,
				597EBCEF1BD7A0440031CE2C /* DismissRecordPlayTransition.swift */,
			);
			path = Transition;
			sourceTree = "<group>";
		};
		599CC7041C1FDEA800147E97 /* LvMultiThreadCoreDataDao */ = {
			isa = PBXGroup;
			children = (
				599CC7051C1FDEA800147E97 /* LvMultiThreadCoreDataDao.h */,
				599CC7061C1FDEA800147E97 /* LvMultiThreadCoreDataDao.m */,
			);
			path = LvMultiThreadCoreDataDao;
			sourceTree = "<group>";
		};
		599CC70F1C1FE0A500147E97 /* Data */ = {
			isa = PBXGroup;
			children = (
				599CC7201C200A0300147E97 /* TReading.swift */,
				599CC71F1C200A0300147E97 /* TReading+CoreDataProperties.swift */,
				599CC7231C202A3D00147E97 /* TReading+Mapping.swift */,
			);
			path = Data;
			sourceTree = "<group>";
		};
		599CC71C1C20083500147E97 /* Manager */ = {
			isa = PBXGroup;
			children = (
				599CC71D1C20083500147E97 /* SECEvernoteManager.swift */,
				5978CBEE1C22EBF500964AF6 /* SECConstants.swift */,
			);
			path = Manager;
			sourceTree = "<group>";
		};
		59C3C9381BABAA7500CC6200 /* Vender */ = {
			isa = PBXGroup;
			children = (
				59D952B11C29369E00FE9B36 /* SSASwiftReachability */,
				599CC7041C1FDEA800147E97 /* LvMultiThreadCoreDataDao */,
				59C3C9391BABAA7500CC6200 /* RAQRecorder */,
			);
			path = Vender;
			sourceTree = "<group>";
		};
		59C3C9391BABAA7500CC6200 /* RAQRecorder */ = {
			isa = PBXGroup;
			children = (
				59C3C93A1BABAA7500CC6200 /* RAQRecorder.h */,
				59C3C93B1BABAA7500CC6200 /* RAQRecorder.m */,
			);
			path = RAQRecorder;
			sourceTree = "<group>";
		};
		59D952B11C29369E00FE9B36 /* SSASwiftReachability */ = {
			isa = PBXGroup;
			children = (
				59D952B21C29369E00FE9B36 /* SSASwiftReachability.swift */,
			);
			path = SSASwiftReachability;
			sourceTree = "<group>";
		};
		86FFDDBF1BA9B346004DFCD5 = {
			isa = PBXGroup;
			children = (
				59C3C93E1BABAB4100CC6200 /* SectionReading-Bridging-Header.h */,
				86FFDDCA1BA9B346004DFCD5 /* SectionReading */,
				86FFDDE01BA9B346004DFCD5 /* SectionReadingTests */,
				86FFDDC91BA9B346004DFCD5 /* Products */,
				1570FAC9E8EAE4832C05B2FC /* Pods */,
				390508CF39368B77473CA623 /* Frameworks */,
			);
			sourceTree = "<group>";
		};
		86FFDDC91BA9B346004DFCD5 /* Products */ = {
			isa = PBXGroup;
			children = (
				86FFDDC81BA9B346004DFCD5 /* SectionReading.app */,
				86FFDDDD1BA9B346004DFCD5 /* SectionReadingTests.xctest */,
			);
			name = Products;
			sourceTree = "<group>";
		};
		86FFDDCA1BA9B346004DFCD5 /* SectionReading */ = {
			isa = PBXGroup;
			children = (
				599CC71C1C20083500147E97 /* Manager */,
				599CC70F1C1FE0A500147E97 /* Data */,
				59C3C9381BABAA7500CC6200 /* Vender */,
				86FFDDED1BA9B45C004DFCD5 /* Application */,
				86FFDDF01BA9B45C004DFCD5 /* Helper */,
				86FFDDF11BA9B45C004DFCD5 /* Model */,
				86FFDDF41BA9B45C004DFCD5 /* View */,
				86FFDDF51BA9B45C004DFCD5 /* ViewController */,
				86FFDDD11BA9B346004DFCD5 /* Main.storyboard */,
				59D9529D1C27F69500FE9B36 /* SECStoryboard.storyboard */,
				86FFDDD41BA9B346004DFCD5 /* Images.xcassets */,
				86FFDDD61BA9B346004DFCD5 /* LaunchScreen.xib */,
				598FD59B1C0FF9ED00FC056B /* ImageAssets.xcassets */,
			);
			path = SectionReading;
			sourceTree = "<group>";
		};
		86FFDDE01BA9B346004DFCD5 /* SectionReadingTests */ = {
			isa = PBXGroup;
			children = (
				86FFDDE31BA9B346004DFCD5 /* SectionReadingTests.swift */,
				86FFDDE11BA9B346004DFCD5 /* Supporting Files */,
			);
			path = SectionReadingTests;
			sourceTree = "<group>";
		};
		86FFDDE11BA9B346004DFCD5 /* Supporting Files */ = {
			isa = PBXGroup;
			children = (
				86FFDDE21BA9B346004DFCD5 /* Info.plist */,
			);
			name = "Supporting Files";
			sourceTree = "<group>";
		};
		86FFDDED1BA9B45C004DFCD5 /* Application */ = {
			isa = PBXGroup;
			children = (
				86FFDDEE1BA9B45C004DFCD5 /* SECAppDelegate.swift */,
				86FFDDEF1BA9B45C004DFCD5 /* Info.plist */,
				599CC70C1C1FDFBF00147E97 /* MainModel.xcdatamodeld */,
			);
			path = Application;
			sourceTree = "<group>";
		};
		86FFDDF01BA9B45C004DFCD5 /* Helper */ = {
			isa = PBXGroup;
			children = (
				598FD5A31C10268600FC056B /* SECHelper.swift */,
				596EB8621C16C79900F2C670 /* SECReadingRecordCropper.swift */,
				599500491C192B3800EBE225 /* SECReadingRecordCombiner.swift */,
			);
			path = Helper;
			sourceTree = "<group>";
		};
		86FFDDF11BA9B45C004DFCD5 /* Model */ = {
			isa = PBXGroup;
			children = (
				599CC6F61C1E79DB00147E97 /* SECReadingInfoModel.swift */,
				599CC6F81C1E7A9700147E97 /* SECUploadReadingModel.swift */,
			);
			path = Model;
			sourceTree = "<group>";
		};
		86FFDDF41BA9B45C004DFCD5 /* View */ = {
			isa = PBXGroup;
			children = (
				86FFDDFA1BA9B576004DFCD5 /* ReadingRecordCell.swift */,
				59BD23F51BAAB11200AB27FB /* RecordButtonView.swift */,
				59C3C9361BAABA6F00CC6200 /* RSProgressView.swift */,
				59C3C93F1BAC015200CC6200 /* MultipleArcTracksView.swift */,
				591609A51BD72B1100F14523 /* CDPlaySlider.swift */,
				591609A71BD7473200F14523 /* ScopeGradientView.swift */,
				591609A91BD75C4400F14523 /* ScopeHandleView.swift */,
				592E369C1BEB563500DC8955 /* CircularButton.swift */,
				598FD5A91C103CAC00FC056B /* SECCutPanelView.swift */,
				598FD5A71C103C9300FC056B /* SECCutPanelView.xib */,
				599CC7001C1E9FFB00147E97 /* SECAudioPlayView.swift */,
				599CC7021C1EA03500147E97 /* SECAudioPlayView.xib */,
				59D952A21C27F8BE00FE9B36 /* SECReadingHistoryTableViewCell.swift */,
				59D952B61C2D32BC00FE9B36 /* SECAudioFileTableViewCell.swift */,
				59776EA41C460F78007A4D28 /* SECReadingShareLayoutView.swift */,
			);
			path = View;
			sourceTree = "<group>";
		};
		86FFDDF51BA9B45C004DFCD5 /* ViewController */ = {
			isa = PBXGroup;
			children = (
				591609AD1BD791CE00F14523 /* Transition */,
				86FFDDF81BA9B4B4004DFCD5 /* ReadingRecordsVC.swift */,
				86FFDDFC1BAB052B004DFCD5 /* NewRecordVC.swift */,
				591609A31BD65ECF00F14523 /* PlayRecordVC.swift */,
				598FD59D1C1014F800FC056B /* SECReadingHistoryViewController.swift */,
				598FD59F1C10205A00FC056B /* SECNewReadingViewController.swift */,
				598FD5A11C10221000FC056B /* SECSettingViewController.swift */,
				596EB85E1C153FEE00F2C670 /* SECEditReadingViewController.swift */,
				599CC6FA1C1E7CCB00147E97 /* SECEditNewReadingViewController.swift */,
				59D952B41C2D21F400FE9B36 /* SECAudioFileListViewController.swift */,
				59776EA21C4608EB007A4D28 /* SECShareReadingViewController.swift */,
			);
			path = ViewController;
			sourceTree = "<group>";
		};
/* End PBXGroup section */

/* Begin PBXNativeTarget section */
		86FFDDC71BA9B346004DFCD5 /* SectionReading */ = {
			isa = PBXNativeTarget;
			buildConfigurationList = 86FFDDE71BA9B346004DFCD5 /* Build configuration list for PBXNativeTarget "SectionReading" */;
			buildPhases = (
				14DCDB36740FBED9F49D54C7 /* Check Pods Manifest.lock */,
				86FFDDC41BA9B346004DFCD5 /* Sources */,
				86FFDDC51BA9B346004DFCD5 /* Frameworks */,
				86FFDDC61BA9B346004DFCD5 /* Resources */,
				CE438CB4AF5F4DFDFF2A05B7 /* Embed Pods Frameworks */,
				F25B68A112318CB5508BC13E /* Copy Pods Resources */,
			);
			buildRules = (
			);
			dependencies = (
			);
			name = SectionReading;
			productName = SectionReading;
			productReference = 86FFDDC81BA9B346004DFCD5 /* SectionReading.app */;
			productType = "com.apple.product-type.application";
		};
		86FFDDDC1BA9B346004DFCD5 /* SectionReadingTests */ = {
			isa = PBXNativeTarget;
			buildConfigurationList = 86FFDDEA1BA9B346004DFCD5 /* Build configuration list for PBXNativeTarget "SectionReadingTests" */;
			buildPhases = (
				86FFDDD91BA9B346004DFCD5 /* Sources */,
				86FFDDDA1BA9B346004DFCD5 /* Frameworks */,
				86FFDDDB1BA9B346004DFCD5 /* Resources */,
			);
			buildRules = (
			);
			dependencies = (
				86FFDDDF1BA9B346004DFCD5 /* PBXTargetDependency */,
			);
			name = SectionReadingTests;
			productName = SectionReadingTests;
			productReference = 86FFDDDD1BA9B346004DFCD5 /* SectionReadingTests.xctest */;
			productType = "com.apple.product-type.bundle.unit-test";
		};
/* End PBXNativeTarget section */

/* Begin PBXProject section */
		86FFDDC01BA9B346004DFCD5 /* Project object */ = {
			isa = PBXProject;
			attributes = {
				LastSwiftUpdateCheck = 0700;
				LastUpgradeCheck = 0700;
				ORGANIZATIONNAME = pengguangbo;
				TargetAttributes = {
					86FFDDC71BA9B346004DFCD5 = {
						CreatedOnToolsVersion = 6.4;
					};
					86FFDDDC1BA9B346004DFCD5 = {
						CreatedOnToolsVersion = 6.4;
						TestTargetID = 86FFDDC71BA9B346004DFCD5;
					};
				};
			};
			buildConfigurationList = 86FFDDC31BA9B346004DFCD5 /* Build configuration list for PBXProject "SectionReading" */;
			compatibilityVersion = "Xcode 3.2";
			developmentRegion = English;
			hasScannedForEncodings = 0;
			knownRegions = (
				en,
				Base,
			);
			mainGroup = 86FFDDBF1BA9B346004DFCD5;
			productRefGroup = 86FFDDC91BA9B346004DFCD5 /* Products */;
			projectDirPath = "";
			projectRoot = "";
			targets = (
				86FFDDC71BA9B346004DFCD5 /* SectionReading */,
				86FFDDDC1BA9B346004DFCD5 /* SectionReadingTests */,
			);
		};
/* End PBXProject section */

/* Begin PBXResourcesBuildPhase section */
		86FFDDC61BA9B346004DFCD5 /* Resources */ = {
			isa = PBXResourcesBuildPhase;
			buildActionMask = 2147483647;
			files = (
				59D9529E1C27F69500FE9B36 /* SECStoryboard.storyboard in Resources */,
				598FD5A81C103C9300FC056B /* SECCutPanelView.xib in Resources */,
				599CC7031C1EA03500147E97 /* SECAudioPlayView.xib in Resources */,
				86FFDDD31BA9B346004DFCD5 /* Main.storyboard in Resources */,
				86FFDDD81BA9B346004DFCD5 /* LaunchScreen.xib in Resources */,
				598FD59C1C0FF9ED00FC056B /* ImageAssets.xcassets in Resources */,
				86FFDDD51BA9B346004DFCD5 /* Images.xcassets in Resources */,
			);
			runOnlyForDeploymentPostprocessing = 0;
		};
		86FFDDDB1BA9B346004DFCD5 /* Resources */ = {
			isa = PBXResourcesBuildPhase;
			buildActionMask = 2147483647;
			files = (
			);
			runOnlyForDeploymentPostprocessing = 0;
		};
/* End PBXResourcesBuildPhase section */

/* Begin PBXShellScriptBuildPhase section */
		14DCDB36740FBED9F49D54C7 /* Check Pods Manifest.lock */ = {
			isa = PBXShellScriptBuildPhase;
			buildActionMask = 2147483647;
			files = (
			);
			inputPaths = (
			);
			name = "Check Pods Manifest.lock";
			outputPaths = (
			);
			runOnlyForDeploymentPostprocessing = 0;
			shellPath = /bin/sh;
			shellScript = "diff \"${PODS_ROOT}/../Podfile.lock\" \"${PODS_ROOT}/Manifest.lock\" > /dev/null\nif [[ $? != 0 ]] ; then\n    cat << EOM\nerror: The sandbox is not in sync with the Podfile.lock. Run 'pod install' or update your CocoaPods installation.\nEOM\n    exit 1\nfi\n";
			showEnvVarsInLog = 0;
		};
		CE438CB4AF5F4DFDFF2A05B7 /* Embed Pods Frameworks */ = {
			isa = PBXShellScriptBuildPhase;
			buildActionMask = 2147483647;
			files = (
			);
			inputPaths = (
			);
			name = "Embed Pods Frameworks";
			outputPaths = (
			);
			runOnlyForDeploymentPostprocessing = 0;
			shellPath = /bin/sh;
			shellScript = "\"${SRCROOT}/Pods/Target Support Files/Pods-SectionReading/Pods-SectionReading-frameworks.sh\"\n";
			showEnvVarsInLog = 0;
		};
		F25B68A112318CB5508BC13E /* Copy Pods Resources */ = {
			isa = PBXShellScriptBuildPhase;
			buildActionMask = 2147483647;
			files = (
			);
			inputPaths = (
			);
			name = "Copy Pods Resources";
			outputPaths = (
			);
			runOnlyForDeploymentPostprocessing = 0;
			shellPath = /bin/sh;
			shellScript = "\"${SRCROOT}/Pods/Target Support Files/Pods-SectionReading/Pods-SectionReading-resources.sh\"\n";
			showEnvVarsInLog = 0;
		};
/* End PBXShellScriptBuildPhase section */

/* Begin PBXSourcesBuildPhase section */
		86FFDDC41BA9B346004DFCD5 /* Sources */ = {
			isa = PBXSourcesBuildPhase;
			buildActionMask = 2147483647;
			files = (
				59C3C93C1BABAA7500CC6200 /* RAQRecorder.m in Sources */,
				591609AA1BD75C4400F14523 /* ScopeHandleView.swift in Sources */,
				599CC7011C1E9FFB00147E97 /* SECAudioPlayView.swift in Sources */,
				598FD5AA1C103CAC00FC056B /* SECCutPanelView.swift in Sources */,
				591609A61BD72B1100F14523 /* CDPlaySlider.swift in Sources */,
				598FD5A21C10221000FC056B /* SECSettingViewController.swift in Sources */,
				86FFDDF61BA9B45C004DFCD5 /* SECAppDelegate.swift in Sources */,
				598FD5A01C10205A00FC056B /* SECNewReadingViewController.swift in Sources */,
				59D952B71C2D32BC00FE9B36 /* SECAudioFileTableViewCell.swift in Sources */,
				591609A81BD7473200F14523 /* ScopeGradientView.swift in Sources */,
				596EB8631C16C79900F2C670 /* SECReadingRecordCropper.swift in Sources */,
				591609A41BD65ECF00F14523 /* PlayRecordVC.swift in Sources */,
				598FD59E1C1014F800FC056B /* SECReadingHistoryViewController.swift in Sources */,
				5995004A1C192B3800EBE225 /* SECReadingRecordCombiner.swift in Sources */,
				599CC6FB1C1E7CCB00147E97 /* SECEditNewReadingViewController.swift in Sources */,
				59776EA31C4608EB007A4D28 /* SECShareReadingViewController.swift in Sources */,
				599CC7241C202A3D00147E97 /* TReading+Mapping.swift in Sources */,
				59C3C9401BAC015200CC6200 /* MultipleArcTracksView.swift in Sources */,
				599CC6F91C1E7A9700147E97 /* SECUploadReadingModel.swift in Sources */,
				86FFDDFB1BA9B576004DFCD5 /* ReadingRecordCell.swift in Sources */,
				599CC71E1C20083500147E97 /* SECEvernoteManager.swift in Sources */,
				59D952B51C2D21F400FE9B36 /* SECAudioFileListViewController.swift in Sources */,
				5978CBEF1C22EBF500964AF6 /* SECConstants.swift in Sources */,
				599CC6F71C1E79DB00147E97 /* SECReadingInfoModel.swift in Sources */,
				596EB85F1C153FEE00F2C670 /* SECEditReadingViewController.swift in Sources */,
				86FFDDFD1BAB052B004DFCD5 /* NewRecordVC.swift in Sources */,
				86FFDDF91BA9B4B4004DFCD5 /* ReadingRecordsVC.swift in Sources */,
				59776EA51C460F78007A4D28 /* SECReadingShareLayoutView.swift in Sources */,
				598FD5A41C10268600FC056B /* SECHelper.swift in Sources */,
				599CC7221C200A0300147E97 /* TReading.swift in Sources */,
				597EBCF01BD7A0440031CE2C /* DismissRecordPlayTransition.swift in Sources */,
				591609AF1BD7920300F14523 /* PresentRecordPlayTransition.swift in Sources */,
				59C3C9371BAABA6F00CC6200 /* RSProgressView.swift in Sources */,
				599CC7071C1FDEA800147E97 /* LvMultiThreadCoreDataDao.m in Sources */,
				59BD23F61BAAB11200AB27FB /* RecordButtonView.swift in Sources */,
				592E369D1BEB563500DC8955 /* CircularButton.swift in Sources */,
				599CC70E1C1FDFBF00147E97 /* MainModel.xcdatamodeld in Sources */,
				599CC7211C200A0300147E97 /* TReading+CoreDataProperties.swift in Sources */,
				59D952B31C29369E00FE9B36 /* SSASwiftReachability.swift in Sources */,
				59D952A31C27F8BE00FE9B36 /* SECReadingHistoryTableViewCell.swift in Sources */,
			);
			runOnlyForDeploymentPostprocessing = 0;
		};
		86FFDDD91BA9B346004DFCD5 /* Sources */ = {
			isa = PBXSourcesBuildPhase;
			buildActionMask = 2147483647;
			files = (
				86FFDDE41BA9B346004DFCD5 /* SectionReadingTests.swift in Sources */,
			);
			runOnlyForDeploymentPostprocessing = 0;
		};
/* End PBXSourcesBuildPhase section */

/* Begin PBXTargetDependency section */
		86FFDDDF1BA9B346004DFCD5 /* PBXTargetDependency */ = {
			isa = PBXTargetDependency;
			target = 86FFDDC71BA9B346004DFCD5 /* SectionReading */;
			targetProxy = 86FFDDDE1BA9B346004DFCD5 /* PBXContainerItemProxy */;
		};
/* End PBXTargetDependency section */

/* Begin PBXVariantGroup section */
		86FFDDD11BA9B346004DFCD5 /* Main.storyboard */ = {
			isa = PBXVariantGroup;
			children = (
				86FFDDD21BA9B346004DFCD5 /* Base */,
			);
			name = Main.storyboard;
			sourceTree = "<group>";
		};
		86FFDDD61BA9B346004DFCD5 /* LaunchScreen.xib */ = {
			isa = PBXVariantGroup;
			children = (
				86FFDDD71BA9B346004DFCD5 /* Base */,
			);
			name = LaunchScreen.xib;
			sourceTree = "<group>";
		};
/* End PBXVariantGroup section */

/* Begin XCBuildConfiguration section */
		86FFDDE51BA9B346004DFCD5 /* Debug */ = {
			isa = XCBuildConfiguration;
			buildSettings = {
				ALWAYS_SEARCH_USER_PATHS = NO;
				CLANG_CXX_LANGUAGE_STANDARD = "gnu++0x";
				CLANG_CXX_LIBRARY = "libc++";
				CLANG_ENABLE_MODULES = YES;
				CLANG_ENABLE_OBJC_ARC = YES;
				CLANG_WARN_BOOL_CONVERSION = YES;
				CLANG_WARN_CONSTANT_CONVERSION = YES;
				CLANG_WARN_DIRECT_OBJC_ISA_USAGE = YES_ERROR;
				CLANG_WARN_EMPTY_BODY = YES;
				CLANG_WARN_ENUM_CONVERSION = YES;
				CLANG_WARN_INT_CONVERSION = YES;
				CLANG_WARN_OBJC_ROOT_CLASS = YES_ERROR;
				CLANG_WARN_UNREACHABLE_CODE = YES;
				CLANG_WARN__DUPLICATE_METHOD_MATCH = YES;
				"CODE_SIGN_IDENTITY[sdk=iphoneos*]" = "iPhone Developer";
				COPY_PHASE_STRIP = NO;
				DEBUG_INFORMATION_FORMAT = "dwarf-with-dsym";
				ENABLE_STRICT_OBJC_MSGSEND = YES;
				ENABLE_TESTABILITY = YES;
				GCC_C_LANGUAGE_STANDARD = gnu99;
				GCC_DYNAMIC_NO_PIC = NO;
				GCC_NO_COMMON_BLOCKS = YES;
				GCC_OPTIMIZATION_LEVEL = 0;
				GCC_PREPROCESSOR_DEFINITIONS = (
					"DEBUG=1",
					"$(inherited)",
				);
				GCC_SYMBOLS_PRIVATE_EXTERN = NO;
				GCC_WARN_64_TO_32_BIT_CONVERSION = YES;
				GCC_WARN_ABOUT_RETURN_TYPE = YES_ERROR;
				GCC_WARN_UNDECLARED_SELECTOR = YES;
				GCC_WARN_UNINITIALIZED_AUTOS = YES_AGGRESSIVE;
				GCC_WARN_UNUSED_FUNCTION = YES;
				GCC_WARN_UNUSED_VARIABLE = YES;
				IPHONEOS_DEPLOYMENT_TARGET = 8.4;
				MTL_ENABLE_DEBUG_INFO = YES;
				ONLY_ACTIVE_ARCH = YES;
				SDKROOT = iphoneos;
				SWIFT_OPTIMIZATION_LEVEL = "-Onone";
				TARGETED_DEVICE_FAMILY = "1,2";
			};
			name = Debug;
		};
		86FFDDE61BA9B346004DFCD5 /* Release */ = {
			isa = XCBuildConfiguration;
			buildSettings = {
				ALWAYS_SEARCH_USER_PATHS = NO;
				CLANG_CXX_LANGUAGE_STANDARD = "gnu++0x";
				CLANG_CXX_LIBRARY = "libc++";
				CLANG_ENABLE_MODULES = YES;
				CLANG_ENABLE_OBJC_ARC = YES;
				CLANG_WARN_BOOL_CONVERSION = YES;
				CLANG_WARN_CONSTANT_CONVERSION = YES;
				CLANG_WARN_DIRECT_OBJC_ISA_USAGE = YES_ERROR;
				CLANG_WARN_EMPTY_BODY = YES;
				CLANG_WARN_ENUM_CONVERSION = YES;
				CLANG_WARN_INT_CONVERSION = YES;
				CLANG_WARN_OBJC_ROOT_CLASS = YES_ERROR;
				CLANG_WARN_UNREACHABLE_CODE = YES;
				CLANG_WARN__DUPLICATE_METHOD_MATCH = YES;
				"CODE_SIGN_IDENTITY[sdk=iphoneos*]" = "iPhone Developer";
				COPY_PHASE_STRIP = NO;
				DEBUG_INFORMATION_FORMAT = "dwarf-with-dsym";
				ENABLE_NS_ASSERTIONS = NO;
				ENABLE_STRICT_OBJC_MSGSEND = YES;
				GCC_C_LANGUAGE_STANDARD = gnu99;
				GCC_NO_COMMON_BLOCKS = YES;
				GCC_WARN_64_TO_32_BIT_CONVERSION = YES;
				GCC_WARN_ABOUT_RETURN_TYPE = YES_ERROR;
				GCC_WARN_UNDECLARED_SELECTOR = YES;
				GCC_WARN_UNINITIALIZED_AUTOS = YES_AGGRESSIVE;
				GCC_WARN_UNUSED_FUNCTION = YES;
				GCC_WARN_UNUSED_VARIABLE = YES;
				IPHONEOS_DEPLOYMENT_TARGET = 8.4;
				MTL_ENABLE_DEBUG_INFO = NO;
				SDKROOT = iphoneos;
				TARGETED_DEVICE_FAMILY = "1,2";
				VALIDATE_PRODUCT = YES;
			};
			name = Release;
		};
		86FFDDE81BA9B346004DFCD5 /* Debug */ = {
			isa = XCBuildConfiguration;
			baseConfigurationReference = F12EFC1093923600127EFC25 /* Pods-SectionReading.debug.xcconfig */;
			buildSettings = {
				ASSETCATALOG_COMPILER_APPICON_NAME = AppIcon;
				INFOPLIST_FILE = "$(SRCROOT)/SectionReading/Application/Info.plist";
				IPHONEOS_DEPLOYMENT_TARGET = 8.1;
				LD_RUNPATH_SEARCH_PATHS = "$(inherited) @executable_path/Frameworks";
				PRODUCT_BUNDLE_IDENTIFIER = "com.pengguangbo.$(PRODUCT_NAME:rfc1034identifier)";
				PRODUCT_NAME = "$(TARGET_NAME)";
				SWIFT_OBJC_BRIDGING_HEADER = "SectionReading-Bridging-Header.h";
			};
			name = Debug;
		};
		86FFDDE91BA9B346004DFCD5 /* Release */ = {
			isa = XCBuildConfiguration;
			baseConfigurationReference = 4053C007867448B952FFA698 /* Pods-SectionReading.release.xcconfig */;
			buildSettings = {
				ASSETCATALOG_COMPILER_APPICON_NAME = AppIcon;
				INFOPLIST_FILE = "$(SRCROOT)/SectionReading/Application/Info.plist";
				IPHONEOS_DEPLOYMENT_TARGET = 8.1;
				LD_RUNPATH_SEARCH_PATHS = "$(inherited) @executable_path/Frameworks";
				PRODUCT_BUNDLE_IDENTIFIER = "com.pengguangbo.$(PRODUCT_NAME:rfc1034identifier)";
				PRODUCT_NAME = "$(TARGET_NAME)";
				SWIFT_OBJC_BRIDGING_HEADER = "SectionReading-Bridging-Header.h";
			};
			name = Release;
		};
		86FFDDEB1BA9B346004DFCD5 /* Debug */ = {
			isa = XCBuildConfiguration;
			buildSettings = {
				BUNDLE_LOADER = "$(TEST_HOST)";
				FRAMEWORK_SEARCH_PATHS = (
					"$(SDKROOT)/Developer/Library/Frameworks",
					"$(inherited)",
				);
				GCC_PREPROCESSOR_DEFINITIONS = (
					"DEBUG=1",
					"$(inherited)",
				);
				INFOPLIST_FILE = SectionReadingTests/Info.plist;
				LD_RUNPATH_SEARCH_PATHS = "$(inherited) @executable_path/Frameworks @loader_path/Frameworks";
				PRODUCT_BUNDLE_IDENTIFIER = "com.pengguangbo.$(PRODUCT_NAME:rfc1034identifier)";
				PRODUCT_NAME = "$(TARGET_NAME)";
				TEST_HOST = "$(BUILT_PRODUCTS_DIR)/SectionReading.app/SectionReading";
			};
			name = Debug;
		};
		86FFDDEC1BA9B346004DFCD5 /* Release */ = {
			isa = XCBuildConfiguration;
			buildSettings = {
				BUNDLE_LOADER = "$(TEST_HOST)";
				FRAMEWORK_SEARCH_PATHS = (
					"$(SDKROOT)/Developer/Library/Frameworks",
					"$(inherited)",
				);
				INFOPLIST_FILE = SectionReadingTests/Info.plist;
				LD_RUNPATH_SEARCH_PATHS = "$(inherited) @executable_path/Frameworks @loader_path/Frameworks";
				PRODUCT_BUNDLE_IDENTIFIER = "com.pengguangbo.$(PRODUCT_NAME:rfc1034identifier)";
				PRODUCT_NAME = "$(TARGET_NAME)";
				TEST_HOST = "$(BUILT_PRODUCTS_DIR)/SectionReading.app/SectionReading";
			};
			name = Release;
		};
/* End XCBuildConfiguration section */

/* Begin XCConfigurationList section */
		86FFDDC31BA9B346004DFCD5 /* Build configuration list for PBXProject "SectionReading" */ = {
			isa = XCConfigurationList;
			buildConfigurations = (
				86FFDDE51BA9B346004DFCD5 /* Debug */,
				86FFDDE61BA9B346004DFCD5 /* Release */,
			);
			defaultConfigurationIsVisible = 0;
			defaultConfigurationName = Release;
		};
		86FFDDE71BA9B346004DFCD5 /* Build configuration list for PBXNativeTarget "SectionReading" */ = {
			isa = XCConfigurationList;
			buildConfigurations = (
				86FFDDE81BA9B346004DFCD5 /* Debug */,
				86FFDDE91BA9B346004DFCD5 /* Release */,
			);
			defaultConfigurationIsVisible = 0;
			defaultConfigurationName = Release;
		};
		86FFDDEA1BA9B346004DFCD5 /* Build configuration list for PBXNativeTarget "SectionReadingTests" */ = {
			isa = XCConfigurationList;
			buildConfigurations = (
				86FFDDEB1BA9B346004DFCD5 /* Debug */,
				86FFDDEC1BA9B346004DFCD5 /* Release */,
			);
			defaultConfigurationIsVisible = 0;
			defaultConfigurationName = Release;
		};
/* End XCConfigurationList section */

/* Begin XCVersionGroup section */
		599CC70C1C1FDFBF00147E97 /* MainModel.xcdatamodeld */ = {
			isa = XCVersionGroup;
			children = (
				599CC70D1C1FDFBF00147E97 /* MainModel.xcdatamodel */,
			);
			currentVersion = 599CC70D1C1FDFBF00147E97 /* MainModel.xcdatamodel */;
			path = MainModel.xcdatamodeld;
			sourceTree = "<group>";
			versionGroupType = wrapper.xcdatamodel;
		};
/* End XCVersionGroup section */
	};
	rootObject = 86FFDDC01BA9B346004DFCD5 /* Project object */;
}
